// !$*UTF8*$!
{
	archiveVersion = 1;
	classes = {
	};
	objectVersion = 56;
	objects = {

/* Begin PBXBuildFile section */
		3606DC0829EE87910025F0FC /* FirstSectionView.swift in Sources */ = {isa = PBXBuildFile; fileRef = 3606DC0729EE87910025F0FC /* FirstSectionView.swift */; };
		3606DC0A29EE87AB0025F0FC /* SecondSectionView.swift in Sources */ = {isa = PBXBuildFile; fileRef = 3606DC0929EE87AB0025F0FC /* SecondSectionView.swift */; };
		3606DC0C29EE87CC0025F0FC /* ThirdSectionView.swift in Sources */ = {isa = PBXBuildFile; fileRef = 3606DC0B29EE87CC0025F0FC /* ThirdSectionView.swift */; };
		3606DC0F29EEB6990025F0FC /* AppleSigninButton.swift in Sources */ = {isa = PBXBuildFile; fileRef = 3606DC0E29EEB6990025F0FC /* AppleSigninButton.swift */; };
		3606DC1129EEB6D30025F0FC /* GoogleSigninButton.swift in Sources */ = {isa = PBXBuildFile; fileRef = 3606DC1029EEB6D30025F0FC /* GoogleSigninButton.swift */; };
		3606DC1329EECD650025F0FC /* Color.swift in Sources */ = {isa = PBXBuildFile; fileRef = 3606DC1229EECD650025F0FC /* Color.swift */; };
		3606DC1529EED8640025F0FC /* SegmentedProgressBar.swift in Sources */ = {isa = PBXBuildFile; fileRef = 3606DC1429EED8640025F0FC /* SegmentedProgressBar.swift */; };
		3606DC1729EF68640025F0FC /* Font.swift in Sources */ = {isa = PBXBuildFile; fileRef = 3606DC1629EF68640025F0FC /* Font.swift */; };
		3606DC1B29EF83F90025F0FC /* CustomButton.swift in Sources */ = {isa = PBXBuildFile; fileRef = 3606DC1A29EF83F90025F0FC /* CustomButton.swift */; };
		3606DC3829F0D10D0025F0FC /* SDWebImageSwiftUI in Frameworks */ = {isa = PBXBuildFile; productRef = 3606DC3729F0D10D0025F0FC /* SDWebImageSwiftUI */; };
		3606DC4029F0F1C80025F0FC /* GifImage.swift in Sources */ = {isa = PBXBuildFile; fileRef = 3606DC3F29F0F1C80025F0FC /* GifImage.swift */; };
		3606DE2629F12F300025F0FC /* GifUIkit.swift in Sources */ = {isa = PBXBuildFile; fileRef = 3606DE2529F12F300025F0FC /* GifUIkit.swift */; };
		3606DE2929F2630A0025F0FC /* Alamofire in Frameworks */ = {isa = PBXBuildFile; productRef = 3606DE2829F2630A0025F0FC /* Alamofire */; };
		3606DE2C29F263A80025F0FC /* APIManager.swift in Sources */ = {isa = PBXBuildFile; fileRef = 3606DE2B29F263A80025F0FC /* APIManager.swift */; };
		3606DE2E29F263C50025F0FC /* UserService.swift in Sources */ = {isa = PBXBuildFile; fileRef = 3606DE2D29F263C50025F0FC /* UserService.swift */; };
		3606DF0B29F2AF730025F0FC /* SwiftUIX in Frameworks */ = {isa = PBXBuildFile; productRef = 3606DF0A29F2AF730025F0FC /* SwiftUIX */; };
		360D52AB29F76CD200F67940 /* AuthState.swift in Sources */ = {isa = PBXBuildFile; fileRef = 360D52AA29F76CD200F67940 /* AuthState.swift */; };
		360D52AD29F77ED700F67940 /* ContentView.swift in Sources */ = {isa = PBXBuildFile; fileRef = 360D52AC29F77ED700F67940 /* ContentView.swift */; };
		360D52B029F79FA800F67940 /* KeychainSwiftDistrib.swift in Sources */ = {isa = PBXBuildFile; fileRef = 360D52AF29F79FA800F67940 /* KeychainSwiftDistrib.swift */; };
		360D52B329F81BA800F67940 /* LocationManager.swift in Sources */ = {isa = PBXBuildFile; fileRef = 360D52B229F81BA800F67940 /* LocationManager.swift */; };
		360D52B529F81C1600F67940 /* LocationSender.swift in Sources */ = {isa = PBXBuildFile; fileRef = 360D52B429F81C1600F67940 /* LocationSender.swift */; };
		360D52B729F81C9B00F67940 /* LocationService.swift in Sources */ = {isa = PBXBuildFile; fileRef = 360D52B629F81C9B00F67940 /* LocationService.swift */; };
		360D52B929F8D14400F67940 /* NavBar.swift in Sources */ = {isa = PBXBuildFile; fileRef = 360D52B829F8D14400F67940 /* NavBar.swift */; };
		360D52BC29F8D1D900F67940 /* SystemView.swift in Sources */ = {isa = PBXBuildFile; fileRef = 360D52BB29F8D1D900F67940 /* SystemView.swift */; };
		360D52C029F8D2DB00F67940 /* AlertView.swift in Sources */ = {isa = PBXBuildFile; fileRef = 360D52BF29F8D2DB00F67940 /* AlertView.swift */; };
		360D52C329F916C700F67940 /* MyMindView.swift in Sources */ = {isa = PBXBuildFile; fileRef = 360D52C229F916C700F67940 /* MyMindView.swift */; };
		360D52C729F939B400F67940 /* AlertCard.swift in Sources */ = {isa = PBXBuildFile; fileRef = 360D52C629F939B400F67940 /* AlertCard.swift */; };
		360D52CA29F941FF00F67940 /* NavLink.swift in Sources */ = {isa = PBXBuildFile; fileRef = 360D52C929F941FF00F67940 /* NavLink.swift */; };
		360D52CC29F944EE00F67940 /* PolicyWebView.swift in Sources */ = {isa = PBXBuildFile; fileRef = 360D52CB29F944EE00F67940 /* PolicyWebView.swift */; };
		360D52CE29F95C6B00F67940 /* OverView.swift in Sources */ = {isa = PBXBuildFile; fileRef = 360D52CD29F95C6B00F67940 /* OverView.swift */; };
		360D52D029FA078D00F67940 /* AccountService.swift in Sources */ = {isa = PBXBuildFile; fileRef = 360D52CF29FA078D00F67940 /* AccountService.swift */; };
		360D52D229FA153B00F67940 /* FeedService.swift in Sources */ = {isa = PBXBuildFile; fileRef = 360D52D129FA153B00F67940 /* FeedService.swift */; };
		360D52D429FA4A0D00F67940 /* CustomBottomSheet.swift in Sources */ = {isa = PBXBuildFile; fileRef = 360D52D329FA4A0D00F67940 /* CustomBottomSheet.swift */; };
		360D52DC29FC1FF400F67940 /* EmojiSwapView.swift in Sources */ = {isa = PBXBuildFile; fileRef = 360D52DB29FC1FF400F67940 /* EmojiSwapView.swift */; };
		360D52DE29FC38D900F67940 /* DragToDeleteView.swift in Sources */ = {isa = PBXBuildFile; fileRef = 360D52DD29FC38D900F67940 /* DragToDeleteView.swift */; };
		362552E82A02269D00A2CD4A /* PersonView.swift in Sources */ = {isa = PBXBuildFile; fileRef = 362552E72A02269D00A2CD4A /* PersonView.swift */; };
		362552EB2A0234C700A2CD4A /* PersonMessageCard.swift in Sources */ = {isa = PBXBuildFile; fileRef = 362552EA2A0234C700A2CD4A /* PersonMessageCard.swift */; };
		362553C82A02B10500A2CD4A /* PlacePersonView.swift in Sources */ = {isa = PBXBuildFile; fileRef = 362553C72A02B10500A2CD4A /* PlacePersonView.swift */; };
		362553CA2A02B6CE00A2CD4A /* CommonService.swift in Sources */ = {isa = PBXBuildFile; fileRef = 362553C92A02B6CE00A2CD4A /* CommonService.swift */; };
		362553CC2A0369B300A2CD4A /* BlockView.swift in Sources */ = {isa = PBXBuildFile; fileRef = 362553CB2A0369B300A2CD4A /* BlockView.swift */; };
		362553CE2A0389A600A2CD4A /* ReportView.swift in Sources */ = {isa = PBXBuildFile; fileRef = 362553CD2A0389A600A2CD4A /* ReportView.swift */; };
		362553D02A0395EF00A2CD4A /* TopAlignedTextEditor.swift in Sources */ = {isa = PBXBuildFile; fileRef = 362553CF2A0395EF00A2CD4A /* TopAlignedTextEditor.swift */; };
		362553D22A039BE200A2CD4A /* GoogleService-Info.plist in Resources */ = {isa = PBXBuildFile; fileRef = 362553D12A039BE200A2CD4A /* GoogleService-Info.plist */; };
		362553D52A039E6C00A2CD4A /* FirebaseMessaging in Frameworks */ = {isa = PBXBuildFile; productRef = 362553D42A039E6C00A2CD4A /* FirebaseMessaging */; };
		362553D72A03D73D00A2CD4A /* RefreshableModifier.swift in Sources */ = {isa = PBXBuildFile; fileRef = 362553D62A03D73D00A2CD4A /* RefreshableModifier.swift */; };
		362553D92A043F3300A2CD4A /* WrappedMap.swift in Sources */ = {isa = PBXBuildFile; fileRef = 362553D82A043F3300A2CD4A /* WrappedMap.swift */; };
		362553DB2A05026600A2CD4A /* LocationCard.swift in Sources */ = {isa = PBXBuildFile; fileRef = 362553DA2A05026600A2CD4A /* LocationCard.swift */; };
		362553DD2A051F1800A2CD4A /* PlaceTimelineView.swift in Sources */ = {isa = PBXBuildFile; fileRef = 362553DC2A051F1800A2CD4A /* PlaceTimelineView.swift */; };
		362553DF2A08AD9E00A2CD4A /* WebSocketManager.swift in Sources */ = {isa = PBXBuildFile; fileRef = 362553DE2A08AD9E00A2CD4A /* WebSocketManager.swift */; };
		362553E12A08D99F00A2CD4A /* SceneDelegate.swift in Sources */ = {isa = PBXBuildFile; fileRef = 362553E02A08D99F00A2CD4A /* SceneDelegate.swift */; };
		362553E32A08DA7E00A2CD4A /* AppDelegate.swift in Sources */ = {isa = PBXBuildFile; fileRef = 362553E22A08DA7E00A2CD4A /* AppDelegate.swift */; };
		362553E72A0A63E300A2CD4A /* MapView.swift in Sources */ = {isa = PBXBuildFile; fileRef = 362553E62A0A63E300A2CD4A /* MapView.swift */; };
		362553E92A0A956A00A2CD4A /* NotificationService.swift in Sources */ = {isa = PBXBuildFile; fileRef = 362553E82A0A956A00A2CD4A /* NotificationService.swift */; };
		362553ED2A0BA17600A2CD4A /* ActivityIndicator.swift in Sources */ = {isa = PBXBuildFile; fileRef = 362553EC2A0BA17600A2CD4A /* ActivityIndicator.swift */; };
		365B964429FDA47E00647950 /* PlaceView.swift in Sources */ = {isa = PBXBuildFile; fileRef = 365B964329FDA47E00647950 /* PlaceView.swift */; };
		365B964729FE50E600647950 /* ViewState.swift in Sources */ = {isa = PBXBuildFile; fileRef = 365B964629FE50E600647950 /* ViewState.swift */; };
		365B964B29FFCCAB00647950 /* PlaceMapView.swift in Sources */ = {isa = PBXBuildFile; fileRef = 365B964A29FFCCAB00647950 /* PlaceMapView.swift */; };
		36680D2B29F64B78001EFD52 /* MessageCard.swift in Sources */ = {isa = PBXBuildFile; fileRef = 36680D2A29F64B78001EFD52 /* MessageCard.swift */; };
		36680D2D29F67695001EFD52 /* MyMassageHistory.swift in Sources */ = {isa = PBXBuildFile; fileRef = 36680D2C29F67695001EFD52 /* MyMassageHistory.swift */; };
		36680D2F29F6C9D1001EFD52 /* HomeView.swift in Sources */ = {isa = PBXBuildFile; fileRef = 36680D2E29F6C9D1001EFD52 /* HomeView.swift */; };
		36680D3329F6CB96001EFD52 /* TimelineView.swift in Sources */ = {isa = PBXBuildFile; fileRef = 36680D3229F6CB96001EFD52 /* TimelineView.swift */; };
		36A2E3D229EE69180003F906 /* SplashView.swift in Sources */ = {isa = PBXBuildFile; fileRef = 36A2E3D129EE69180003F906 /* SplashView.swift */; };
		36A2E3D329EE69180003F906 /* SplashView.swift in Sources */ = {isa = PBXBuildFile; fileRef = 36A2E3D129EE69180003F906 /* SplashView.swift */; };
		36A2E3D429EE69180003F906 /* SplashView.swift in Sources */ = {isa = PBXBuildFile; fileRef = 36A2E3D129EE69180003F906 /* SplashView.swift */; };
		36BF9C3D29ED4F390011677E /* fourtytwoApp.swift in Sources */ = {isa = PBXBuildFile; fileRef = 36BF9C3C29ED4F390011677E /* fourtytwoApp.swift */; };
		36BF9C3F29ED4F390011677E /* LoginView.swift in Sources */ = {isa = PBXBuildFile; fileRef = 36BF9C3E29ED4F390011677E /* LoginView.swift */; };
		36BF9C4129ED4F3B0011677E /* Assets.xcassets in Resources */ = {isa = PBXBuildFile; fileRef = 36BF9C4029ED4F3B0011677E /* Assets.xcassets */; };
		36BF9C4529ED4F3B0011677E /* Preview Assets.xcassets in Resources */ = {isa = PBXBuildFile; fileRef = 36BF9C4429ED4F3B0011677E /* Preview Assets.xcassets */; };
		36BF9C4F29ED4F3B0011677E /* fourtytwoTests.swift in Sources */ = {isa = PBXBuildFile; fileRef = 36BF9C4E29ED4F3B0011677E /* fourtytwoTests.swift */; };
		36BF9C5929ED4F3B0011677E /* fourtytwoUITests.swift in Sources */ = {isa = PBXBuildFile; fileRef = 36BF9C5829ED4F3B0011677E /* fourtytwoUITests.swift */; };
		36BF9C5B29ED4F3B0011677E /* fourtytwoUITestsLaunchTests.swift in Sources */ = {isa = PBXBuildFile; fileRef = 36BF9C5A29ED4F3B0011677E /* fourtytwoUITestsLaunchTests.swift */; };
		36BF9C6929ED97FC0011677E /* GoogleSignIn in Frameworks */ = {isa = PBXBuildFile; productRef = 36BF9C6829ED97FC0011677E /* GoogleSignIn */; };
		36BF9C6B29ED97FC0011677E /* GoogleSignInSwift in Frameworks */ = {isa = PBXBuildFile; productRef = 36BF9C6A29ED97FC0011677E /* GoogleSignInSwift */; };
		36BF9C6F29EDA98A0011677E /* Roboto-Medium.ttf in Resources */ = {isa = PBXBuildFile; fileRef = 36BF9C6E29EDA98A0011677E /* Roboto-Medium.ttf */; };
		36BF9C7029EDA98A0011677E /* Roboto-Medium.ttf in Resources */ = {isa = PBXBuildFile; fileRef = 36BF9C6E29EDA98A0011677E /* Roboto-Medium.ttf */; };
		36BF9C7129EDA98A0011677E /* Roboto-Medium.ttf in Resources */ = {isa = PBXBuildFile; fileRef = 36BF9C6E29EDA98A0011677E /* Roboto-Medium.ttf */; };
		36BF9C7329EE41B80011677E /* SignupView.swift in Sources */ = {isa = PBXBuildFile; fileRef = 36BF9C7229EE41B80011677E /* SignupView.swift */; };
		36BF9C7429EE41B80011677E /* SignupView.swift in Sources */ = {isa = PBXBuildFile; fileRef = 36BF9C7229EE41B80011677E /* SignupView.swift */; };
		36BF9C7529EE41B80011677E /* SignupView.swift in Sources */ = {isa = PBXBuildFile; fileRef = 36BF9C7229EE41B80011677E /* SignupView.swift */; };
		36DA62F529F60BF6001191DB /* MyMassageCard.swift in Sources */ = {isa = PBXBuildFile; fileRef = 36DA62F429F60BF6001191DB /* MyMassageCard.swift */; };
		36DA630029F638B6001191DB /* ReactionButton.swift in Sources */ = {isa = PBXBuildFile; fileRef = 36DA62FF29F638B6001191DB /* ReactionButton.swift */; };
/* End PBXBuildFile section */

/* Begin PBXContainerItemProxy section */
		36BF9C4B29ED4F3B0011677E /* PBXContainerItemProxy */ = {
			isa = PBXContainerItemProxy;
			containerPortal = 36BF9C3129ED4F390011677E /* Project object */;
			proxyType = 1;
			remoteGlobalIDString = 36BF9C3829ED4F390011677E;
			remoteInfo = fourtytwo;
		};
		36BF9C5529ED4F3B0011677E /* PBXContainerItemProxy */ = {
			isa = PBXContainerItemProxy;
			containerPortal = 36BF9C3129ED4F390011677E /* Project object */;
			proxyType = 1;
			remoteGlobalIDString = 36BF9C3829ED4F390011677E;
			remoteInfo = fourtytwo;
		};
/* End PBXContainerItemProxy section */

/* Begin PBXFileReference section */
		3606DC0729EE87910025F0FC /* FirstSectionView.swift */ = {isa = PBXFileReference; lastKnownFileType = sourcecode.swift; path = FirstSectionView.swift; sourceTree = "<group>"; };
		3606DC0929EE87AB0025F0FC /* SecondSectionView.swift */ = {isa = PBXFileReference; lastKnownFileType = sourcecode.swift; path = SecondSectionView.swift; sourceTree = "<group>"; };
		3606DC0B29EE87CC0025F0FC /* ThirdSectionView.swift */ = {isa = PBXFileReference; lastKnownFileType = sourcecode.swift; path = ThirdSectionView.swift; sourceTree = "<group>"; };
		3606DC0E29EEB6990025F0FC /* AppleSigninButton.swift */ = {isa = PBXFileReference; lastKnownFileType = sourcecode.swift; path = AppleSigninButton.swift; sourceTree = "<group>"; };
		3606DC1029EEB6D30025F0FC /* GoogleSigninButton.swift */ = {isa = PBXFileReference; lastKnownFileType = sourcecode.swift; path = GoogleSigninButton.swift; sourceTree = "<group>"; };
		3606DC1229EECD650025F0FC /* Color.swift */ = {isa = PBXFileReference; lastKnownFileType = sourcecode.swift; path = Color.swift; sourceTree = "<group>"; };
		3606DC1429EED8640025F0FC /* SegmentedProgressBar.swift */ = {isa = PBXFileReference; lastKnownFileType = sourcecode.swift; path = SegmentedProgressBar.swift; sourceTree = "<group>"; };
		3606DC1629EF68640025F0FC /* Font.swift */ = {isa = PBXFileReference; lastKnownFileType = sourcecode.swift; path = Font.swift; sourceTree = "<group>"; };
		3606DC1A29EF83F90025F0FC /* CustomButton.swift */ = {isa = PBXFileReference; lastKnownFileType = sourcecode.swift; path = CustomButton.swift; sourceTree = "<group>"; };
		3606DC3F29F0F1C80025F0FC /* GifImage.swift */ = {isa = PBXFileReference; lastKnownFileType = sourcecode.swift; path = GifImage.swift; sourceTree = "<group>"; };
		3606DE2529F12F300025F0FC /* GifUIkit.swift */ = {isa = PBXFileReference; lastKnownFileType = sourcecode.swift; path = GifUIkit.swift; sourceTree = "<group>"; };
		3606DE2B29F263A80025F0FC /* APIManager.swift */ = {isa = PBXFileReference; lastKnownFileType = sourcecode.swift; path = APIManager.swift; sourceTree = "<group>"; };
		3606DE2D29F263C50025F0FC /* UserService.swift */ = {isa = PBXFileReference; lastKnownFileType = sourcecode.swift; path = UserService.swift; sourceTree = "<group>"; };
		360D52AA29F76CD200F67940 /* AuthState.swift */ = {isa = PBXFileReference; lastKnownFileType = sourcecode.swift; path = AuthState.swift; sourceTree = "<group>"; };
		360D52AC29F77ED700F67940 /* ContentView.swift */ = {isa = PBXFileReference; lastKnownFileType = sourcecode.swift; path = ContentView.swift; sourceTree = "<group>"; };
		360D52AF29F79FA800F67940 /* KeychainSwiftDistrib.swift */ = {isa = PBXFileReference; lastKnownFileType = sourcecode.swift; path = KeychainSwiftDistrib.swift; sourceTree = "<group>"; };
		360D52B229F81BA800F67940 /* LocationManager.swift */ = {isa = PBXFileReference; lastKnownFileType = sourcecode.swift; path = LocationManager.swift; sourceTree = "<group>"; };
		360D52B429F81C1600F67940 /* LocationSender.swift */ = {isa = PBXFileReference; lastKnownFileType = sourcecode.swift; path = LocationSender.swift; sourceTree = "<group>"; };
		360D52B629F81C9B00F67940 /* LocationService.swift */ = {isa = PBXFileReference; lastKnownFileType = sourcecode.swift; path = LocationService.swift; sourceTree = "<group>"; };
		360D52B829F8D14400F67940 /* NavBar.swift */ = {isa = PBXFileReference; lastKnownFileType = sourcecode.swift; path = NavBar.swift; sourceTree = "<group>"; };
		360D52BB29F8D1D900F67940 /* SystemView.swift */ = {isa = PBXFileReference; lastKnownFileType = sourcecode.swift; path = SystemView.swift; sourceTree = "<group>"; };
		360D52BF29F8D2DB00F67940 /* AlertView.swift */ = {isa = PBXFileReference; lastKnownFileType = sourcecode.swift; path = AlertView.swift; sourceTree = "<group>"; };
		360D52C229F916C700F67940 /* MyMindView.swift */ = {isa = PBXFileReference; lastKnownFileType = sourcecode.swift; path = MyMindView.swift; sourceTree = "<group>"; };
		360D52C629F939B400F67940 /* AlertCard.swift */ = {isa = PBXFileReference; lastKnownFileType = sourcecode.swift; path = AlertCard.swift; sourceTree = "<group>"; };
		360D52C929F941FF00F67940 /* NavLink.swift */ = {isa = PBXFileReference; lastKnownFileType = sourcecode.swift; path = NavLink.swift; sourceTree = "<group>"; };
		360D52CB29F944EE00F67940 /* PolicyWebView.swift */ = {isa = PBXFileReference; lastKnownFileType = sourcecode.swift; path = PolicyWebView.swift; sourceTree = "<group>"; };
		360D52CD29F95C6B00F67940 /* OverView.swift */ = {isa = PBXFileReference; lastKnownFileType = sourcecode.swift; path = OverView.swift; sourceTree = "<group>"; };
		360D52CF29FA078D00F67940 /* AccountService.swift */ = {isa = PBXFileReference; lastKnownFileType = sourcecode.swift; path = AccountService.swift; sourceTree = "<group>"; };
		360D52D129FA153B00F67940 /* FeedService.swift */ = {isa = PBXFileReference; lastKnownFileType = sourcecode.swift; path = FeedService.swift; sourceTree = "<group>"; };
		360D52D329FA4A0D00F67940 /* CustomBottomSheet.swift */ = {isa = PBXFileReference; lastKnownFileType = sourcecode.swift; path = CustomBottomSheet.swift; sourceTree = "<group>"; };
		360D52DB29FC1FF400F67940 /* EmojiSwapView.swift */ = {isa = PBXFileReference; lastKnownFileType = sourcecode.swift; path = EmojiSwapView.swift; sourceTree = "<group>"; };
		360D52DD29FC38D900F67940 /* DragToDeleteView.swift */ = {isa = PBXFileReference; lastKnownFileType = sourcecode.swift; path = DragToDeleteView.swift; sourceTree = "<group>"; };
		362552E72A02269D00A2CD4A /* PersonView.swift */ = {isa = PBXFileReference; lastKnownFileType = sourcecode.swift; path = PersonView.swift; sourceTree = "<group>"; };
		362552EA2A0234C700A2CD4A /* PersonMessageCard.swift */ = {isa = PBXFileReference; lastKnownFileType = sourcecode.swift; path = PersonMessageCard.swift; sourceTree = "<group>"; };
		362553C72A02B10500A2CD4A /* PlacePersonView.swift */ = {isa = PBXFileReference; lastKnownFileType = sourcecode.swift; path = PlacePersonView.swift; sourceTree = "<group>"; };
		362553C92A02B6CE00A2CD4A /* CommonService.swift */ = {isa = PBXFileReference; lastKnownFileType = sourcecode.swift; path = CommonService.swift; sourceTree = "<group>"; };
		362553CB2A0369B300A2CD4A /* BlockView.swift */ = {isa = PBXFileReference; lastKnownFileType = sourcecode.swift; path = BlockView.swift; sourceTree = "<group>"; };
		362553CD2A0389A600A2CD4A /* ReportView.swift */ = {isa = PBXFileReference; lastKnownFileType = sourcecode.swift; path = ReportView.swift; sourceTree = "<group>"; };
		362553CF2A0395EF00A2CD4A /* TopAlignedTextEditor.swift */ = {isa = PBXFileReference; lastKnownFileType = sourcecode.swift; path = TopAlignedTextEditor.swift; sourceTree = "<group>"; };
		362553D12A039BE200A2CD4A /* GoogleService-Info.plist */ = {isa = PBXFileReference; fileEncoding = 4; lastKnownFileType = text.plist.xml; path = "GoogleService-Info.plist"; sourceTree = "<group>"; };
		362553D62A03D73D00A2CD4A /* RefreshableModifier.swift */ = {isa = PBXFileReference; lastKnownFileType = sourcecode.swift; path = RefreshableModifier.swift; sourceTree = "<group>"; };
		362553D82A043F3300A2CD4A /* WrappedMap.swift */ = {isa = PBXFileReference; lastKnownFileType = sourcecode.swift; path = WrappedMap.swift; sourceTree = "<group>"; };
		362553DA2A05026600A2CD4A /* LocationCard.swift */ = {isa = PBXFileReference; lastKnownFileType = sourcecode.swift; path = LocationCard.swift; sourceTree = "<group>"; };
		362553DC2A051F1800A2CD4A /* PlaceTimelineView.swift */ = {isa = PBXFileReference; lastKnownFileType = sourcecode.swift; path = PlaceTimelineView.swift; sourceTree = "<group>"; };
		362553DE2A08AD9E00A2CD4A /* WebSocketManager.swift */ = {isa = PBXFileReference; lastKnownFileType = sourcecode.swift; path = WebSocketManager.swift; sourceTree = "<group>"; };
		362553E02A08D99F00A2CD4A /* SceneDelegate.swift */ = {isa = PBXFileReference; lastKnownFileType = sourcecode.swift; path = SceneDelegate.swift; sourceTree = "<group>"; };
		362553E22A08DA7E00A2CD4A /* AppDelegate.swift */ = {isa = PBXFileReference; lastKnownFileType = sourcecode.swift; path = AppDelegate.swift; sourceTree = "<group>"; };
		362553E62A0A63E300A2CD4A /* MapView.swift */ = {isa = PBXFileReference; lastKnownFileType = sourcecode.swift; path = MapView.swift; sourceTree = "<group>"; };
		362553E82A0A956A00A2CD4A /* NotificationService.swift */ = {isa = PBXFileReference; lastKnownFileType = sourcecode.swift; path = NotificationService.swift; sourceTree = "<group>"; };
		362553EC2A0BA17600A2CD4A /* ActivityIndicator.swift */ = {isa = PBXFileReference; lastKnownFileType = sourcecode.swift; path = ActivityIndicator.swift; sourceTree = "<group>"; };
		365B964329FDA47E00647950 /* PlaceView.swift */ = {isa = PBXFileReference; lastKnownFileType = sourcecode.swift; path = PlaceView.swift; sourceTree = "<group>"; };
		365B964629FE50E600647950 /* ViewState.swift */ = {isa = PBXFileReference; lastKnownFileType = sourcecode.swift; path = ViewState.swift; sourceTree = "<group>"; };
		365B964A29FFCCAB00647950 /* PlaceMapView.swift */ = {isa = PBXFileReference; lastKnownFileType = sourcecode.swift; path = PlaceMapView.swift; sourceTree = "<group>"; };
		36680D2A29F64B78001EFD52 /* MessageCard.swift */ = {isa = PBXFileReference; lastKnownFileType = sourcecode.swift; path = MessageCard.swift; sourceTree = "<group>"; };
		36680D2C29F67695001EFD52 /* MyMassageHistory.swift */ = {isa = PBXFileReference; lastKnownFileType = sourcecode.swift; path = MyMassageHistory.swift; sourceTree = "<group>"; };
		36680D2E29F6C9D1001EFD52 /* HomeView.swift */ = {isa = PBXFileReference; lastKnownFileType = sourcecode.swift; path = HomeView.swift; sourceTree = "<group>"; };
		36680D3229F6CB96001EFD52 /* TimelineView.swift */ = {isa = PBXFileReference; lastKnownFileType = sourcecode.swift; path = TimelineView.swift; sourceTree = "<group>"; };
		36A2E3D129EE69180003F906 /* SplashView.swift */ = {isa = PBXFileReference; lastKnownFileType = sourcecode.swift; path = SplashView.swift; sourceTree = "<group>"; };
		36BF9C3929ED4F390011677E /* fourtytwo.app */ = {isa = PBXFileReference; explicitFileType = wrapper.application; includeInIndex = 0; path = fourtytwo.app; sourceTree = BUILT_PRODUCTS_DIR; };
		36BF9C3C29ED4F390011677E /* fourtytwoApp.swift */ = {isa = PBXFileReference; lastKnownFileType = sourcecode.swift; path = fourtytwoApp.swift; sourceTree = "<group>"; };
		36BF9C3E29ED4F390011677E /* LoginView.swift */ = {isa = PBXFileReference; lastKnownFileType = sourcecode.swift; path = LoginView.swift; sourceTree = "<group>"; };
		36BF9C4029ED4F3B0011677E /* Assets.xcassets */ = {isa = PBXFileReference; lastKnownFileType = folder.assetcatalog; path = Assets.xcassets; sourceTree = "<group>"; };
		36BF9C4229ED4F3B0011677E /* fourtytwo.entitlements */ = {isa = PBXFileReference; lastKnownFileType = text.plist.entitlements; path = fourtytwo.entitlements; sourceTree = "<group>"; };
		36BF9C4429ED4F3B0011677E /* Preview Assets.xcassets */ = {isa = PBXFileReference; lastKnownFileType = folder.assetcatalog; path = "Preview Assets.xcassets"; sourceTree = "<group>"; };
		36BF9C4A29ED4F3B0011677E /* fourtytwoTests.xctest */ = {isa = PBXFileReference; explicitFileType = wrapper.cfbundle; includeInIndex = 0; path = fourtytwoTests.xctest; sourceTree = BUILT_PRODUCTS_DIR; };
		36BF9C4E29ED4F3B0011677E /* fourtytwoTests.swift */ = {isa = PBXFileReference; lastKnownFileType = sourcecode.swift; path = fourtytwoTests.swift; sourceTree = "<group>"; };
		36BF9C5429ED4F3B0011677E /* fourtytwoUITests.xctest */ = {isa = PBXFileReference; explicitFileType = wrapper.cfbundle; includeInIndex = 0; path = fourtytwoUITests.xctest; sourceTree = BUILT_PRODUCTS_DIR; };
		36BF9C5829ED4F3B0011677E /* fourtytwoUITests.swift */ = {isa = PBXFileReference; lastKnownFileType = sourcecode.swift; path = fourtytwoUITests.swift; sourceTree = "<group>"; };
		36BF9C5A29ED4F3B0011677E /* fourtytwoUITestsLaunchTests.swift */ = {isa = PBXFileReference; lastKnownFileType = sourcecode.swift; path = fourtytwoUITestsLaunchTests.swift; sourceTree = "<group>"; };
		36BF9C6C29ED9AE50011677E /* Info.plist */ = {isa = PBXFileReference; lastKnownFileType = text.plist; path = Info.plist; sourceTree = "<group>"; };
		36BF9C6E29EDA98A0011677E /* Roboto-Medium.ttf */ = {isa = PBXFileReference; lastKnownFileType = file; path = "Roboto-Medium.ttf"; sourceTree = "<group>"; };
		36BF9C7229EE41B80011677E /* SignupView.swift */ = {isa = PBXFileReference; lastKnownFileType = sourcecode.swift; path = SignupView.swift; sourceTree = "<group>"; };
		36DA62F429F60BF6001191DB /* MyMassageCard.swift */ = {isa = PBXFileReference; lastKnownFileType = sourcecode.swift; path = MyMassageCard.swift; sourceTree = "<group>"; };
		36DA62FF29F638B6001191DB /* ReactionButton.swift */ = {isa = PBXFileReference; lastKnownFileType = sourcecode.swift; path = ReactionButton.swift; sourceTree = "<group>"; };
/* End PBXFileReference section */

/* Begin PBXFrameworksBuildPhase section */
		36BF9C3629ED4F390011677E /* Frameworks */ = {
			isa = PBXFrameworksBuildPhase;
			buildActionMask = 2147483647;
			files = (
				362553D52A039E6C00A2CD4A /* FirebaseMessaging in Frameworks */,
				3606DC3829F0D10D0025F0FC /* SDWebImageSwiftUI in Frameworks */,
				36BF9C6929ED97FC0011677E /* GoogleSignIn in Frameworks */,
				36BF9C6B29ED97FC0011677E /* GoogleSignInSwift in Frameworks */,
				3606DF0B29F2AF730025F0FC /* SwiftUIX in Frameworks */,
				3606DE2929F2630A0025F0FC /* Alamofire in Frameworks */,
			);
			runOnlyForDeploymentPostprocessing = 0;
		};
		36BF9C4729ED4F3B0011677E /* Frameworks */ = {
			isa = PBXFrameworksBuildPhase;
			buildActionMask = 2147483647;
			files = (
			);
			runOnlyForDeploymentPostprocessing = 0;
		};
		36BF9C5129ED4F3B0011677E /* Frameworks */ = {
			isa = PBXFrameworksBuildPhase;
			buildActionMask = 2147483647;
			files = (
			);
			runOnlyForDeploymentPostprocessing = 0;
		};
/* End PBXFrameworksBuildPhase section */

/* Begin PBXGroup section */
		3606DC0629EE87120025F0FC /* HomePage */ = {
			isa = PBXGroup;
			children = (
				36680D3129F6CB72001EFD52 /* Elements */,
				36680D2E29F6C9D1001EFD52 /* HomeView.swift */,
			);
			path = HomePage;
			sourceTree = "<group>";
		};
		3606DC0D29EEB6790025F0FC /* Elements */ = {
			isa = PBXGroup;
			children = (
				3606DC0E29EEB6990025F0FC /* AppleSigninButton.swift */,
				3606DC1029EEB6D30025F0FC /* GoogleSigninButton.swift */,
			);
			path = Elements;
			sourceTree = "<group>";
		};
		3606DC1829EF6BC40025F0FC /* Design */ = {
			isa = PBXGroup;
			children = (
				36BF9C6D29EDA9410011677E /* Fonts */,
				3606DC1229EECD650025F0FC /* Color.swift */,
				3606DC1629EF68640025F0FC /* Font.swift */,
			);
			path = Design;
			sourceTree = "<group>";
		};
		3606DC1929EF82A50025F0FC /* Components */ = {
			isa = PBXGroup;
			children = (
				362553EB2A0B311800A2CD4A /* Useless */,
				3606DC1A29EF83F90025F0FC /* CustomButton.swift */,
				3606DC3F29F0F1C80025F0FC /* GifImage.swift */,
				36DA62F429F60BF6001191DB /* MyMassageCard.swift */,
				36DA62FF29F638B6001191DB /* ReactionButton.swift */,
				36680D2A29F64B78001EFD52 /* MessageCard.swift */,
				362553CB2A0369B300A2CD4A /* BlockView.swift */,
				362553CD2A0389A600A2CD4A /* ReportView.swift */,
				362553CF2A0395EF00A2CD4A /* TopAlignedTextEditor.swift */,
				362553D62A03D73D00A2CD4A /* RefreshableModifier.swift */,
				362553DA2A05026600A2CD4A /* LocationCard.swift */,
				362553EC2A0BA17600A2CD4A /* ActivityIndicator.swift */,
			);
			path = Components;
			sourceTree = "<group>";
		};
		3606DE2A29F263290025F0FC /* Services */ = {
			isa = PBXGroup;
			children = (
				3606DE2B29F263A80025F0FC /* APIManager.swift */,
				3606DE2D29F263C50025F0FC /* UserService.swift */,
				360D52CF29FA078D00F67940 /* AccountService.swift */,
				360D52D129FA153B00F67940 /* FeedService.swift */,
				362553E82A0A956A00A2CD4A /* NotificationService.swift */,
				360D52B629F81C9B00F67940 /* LocationService.swift */,
				360D52B229F81BA800F67940 /* LocationManager.swift */,
				360D52B429F81C1600F67940 /* LocationSender.swift */,
				362553C92A02B6CE00A2CD4A /* CommonService.swift */,
				362553DE2A08AD9E00A2CD4A /* WebSocketManager.swift */,
			);
			path = Services;
			sourceTree = "<group>";
		};
		360D52BA29F8D17B00F67940 /* SystemPage */ = {
			isa = PBXGroup;
			children = (
				360D52C829F941E600F67940 /* Elements */,
				360D52BB29F8D1D900F67940 /* SystemView.swift */,
			);
			path = SystemPage;
			sourceTree = "<group>";
		};
		360D52BE29F8D2B400F67940 /* AlertPage */ = {
			isa = PBXGroup;
			children = (
				362553EA2A0A9EB500A2CD4A /* Elements */,
				360D52BF29F8D2DB00F67940 /* AlertView.swift */,
			);
			path = AlertPage;
			sourceTree = "<group>";
		};
		360D52C129F9168D00F67940 /* MyMindPage */ = {
			isa = PBXGroup;
			children = (
				365B964829FF7BF000647950 /* Elements */,
				360D52C229F916C700F67940 /* MyMindView.swift */,
			);
			path = MyMindPage;
			sourceTree = "<group>";
		};
		360D52C829F941E600F67940 /* Elements */ = {
			isa = PBXGroup;
			children = (
				360D52C929F941FF00F67940 /* NavLink.swift */,
				360D52CB29F944EE00F67940 /* PolicyWebView.swift */,
				360D52DB29FC1FF400F67940 /* EmojiSwapView.swift */,
			);
			path = Elements;
			sourceTree = "<group>";
		};
		360D52DA29FBFA4800F67940 /* PlacePage */ = {
			isa = PBXGroup;
			children = (
				365B964929FFCC9000647950 /* Elements */,
				365B964329FDA47E00647950 /* PlaceView.swift */,
			);
			path = PlacePage;
			sourceTree = "<group>";
		};
		362552E62A02267A00A2CD4A /* PersonPage */ = {
			isa = PBXGroup;
			children = (
				362552E92A02348B00A2CD4A /* Elements */,
				362552E72A02269D00A2CD4A /* PersonView.swift */,
			);
			path = PersonPage;
			sourceTree = "<group>";
		};
		362552E92A02348B00A2CD4A /* Elements */ = {
			isa = PBXGroup;
			children = (
				362552EA2A0234C700A2CD4A /* PersonMessageCard.swift */,
				362553C72A02B10500A2CD4A /* PlacePersonView.swift */,
			);
			path = Elements;
			sourceTree = "<group>";
		};
		362553EA2A0A9EB500A2CD4A /* Elements */ = {
			isa = PBXGroup;
			children = (
				360D52C629F939B400F67940 /* AlertCard.swift */,
			);
			path = Elements;
			sourceTree = "<group>";
		};
		362553EB2A0B311800A2CD4A /* Useless */ = {
			isa = PBXGroup;
			children = (
				3606DE2529F12F300025F0FC /* GifUIkit.swift */,
				36680D3229F6CB96001EFD52 /* TimelineView.swift */,
				362553D82A043F3300A2CD4A /* WrappedMap.swift */,
			);
			path = Useless;
			sourceTree = "<group>";
		};
		365B964529FE50A500647950 /* AppState */ = {
			isa = PBXGroup;
			children = (
				360D52AA29F76CD200F67940 /* AuthState.swift */,
				365B964629FE50E600647950 /* ViewState.swift */,
			);
			path = AppState;
			sourceTree = "<group>";
		};
		365B964829FF7BF000647950 /* Elements */ = {
			isa = PBXGroup;
			children = (
				360D52DD29FC38D900F67940 /* DragToDeleteView.swift */,
				36680D2C29F67695001EFD52 /* MyMassageHistory.swift */,
			);
			path = Elements;
			sourceTree = "<group>";
		};
		365B964929FFCC9000647950 /* Elements */ = {
			isa = PBXGroup;
			children = (
				365B964A29FFCCAB00647950 /* PlaceMapView.swift */,
			);
			path = Elements;
			sourceTree = "<group>";
		};
		36680D3129F6CB72001EFD52 /* Elements */ = {
			isa = PBXGroup;
			children = (
				362553DC2A051F1800A2CD4A /* PlaceTimelineView.swift */,
				360D52B829F8D14400F67940 /* NavBar.swift */,
				360D52CD29F95C6B00F67940 /* OverView.swift */,
				362553E62A0A63E300A2CD4A /* MapView.swift */,
				360D52D329FA4A0D00F67940 /* CustomBottomSheet.swift */,
			);
			path = Elements;
			sourceTree = "<group>";
		};
		36A2E3D529EE69360003F906 /* Pages */ = {
			isa = PBXGroup;
			children = (
				362552E62A02267A00A2CD4A /* PersonPage */,
				360D52DA29FBFA4800F67940 /* PlacePage */,
				360D52C129F9168D00F67940 /* MyMindPage */,
				3606DC0629EE87120025F0FC /* HomePage */,
				36A2E3D829EE79640003F906 /* SignupPage */,
				36A2E3D729EE79570003F906 /* LoginPage */,
				36A2E3D629EE79480003F906 /* SplashPage */,
				360D52BE29F8D2B400F67940 /* AlertPage */,
				360D52BA29F8D17B00F67940 /* SystemPage */,
			);
			path = Pages;
			sourceTree = "<group>";
		};
		36A2E3D629EE79480003F906 /* SplashPage */ = {
			isa = PBXGroup;
			children = (
				36A2E3D129EE69180003F906 /* SplashView.swift */,
			);
			path = SplashPage;
			sourceTree = "<group>";
		};
		36A2E3D729EE79570003F906 /* LoginPage */ = {
			isa = PBXGroup;
			children = (
				3606DC0D29EEB6790025F0FC /* Elements */,
				36BF9C3E29ED4F390011677E /* LoginView.swift */,
			);
			path = LoginPage;
			sourceTree = "<group>";
		};
		36A2E3D829EE79640003F906 /* SignupPage */ = {
			isa = PBXGroup;
			children = (
				36A2E3D929EE79740003F906 /* Elements */,
				36BF9C7229EE41B80011677E /* SignupView.swift */,
			);
			path = SignupPage;
			sourceTree = "<group>";
		};
		36A2E3D929EE79740003F906 /* Elements */ = {
			isa = PBXGroup;
			children = (
				3606DC0729EE87910025F0FC /* FirstSectionView.swift */,
				3606DC0929EE87AB0025F0FC /* SecondSectionView.swift */,
				3606DC0B29EE87CC0025F0FC /* ThirdSectionView.swift */,
				3606DC1429EED8640025F0FC /* SegmentedProgressBar.swift */,
			);
			path = Elements;
			sourceTree = "<group>";
		};
		36BF9C3029ED4F390011677E = {
			isa = PBXGroup;
			children = (
				36BF9C3B29ED4F390011677E /* fourtytwo */,
				36BF9C4D29ED4F3B0011677E /* fourtytwoTests */,
				36BF9C5729ED4F3B0011677E /* fourtytwoUITests */,
				36BF9C3A29ED4F390011677E /* Products */,
			);
			sourceTree = "<group>";
		};
		36BF9C3A29ED4F390011677E /* Products */ = {
			isa = PBXGroup;
			children = (
				36BF9C3929ED4F390011677E /* fourtytwo.app */,
				36BF9C4A29ED4F3B0011677E /* fourtytwoTests.xctest */,
				36BF9C5429ED4F3B0011677E /* fourtytwoUITests.xctest */,
			);
			name = Products;
			sourceTree = "<group>";
		};
		36BF9C3B29ED4F390011677E /* fourtytwo */ = {
			isa = PBXGroup;
			children = (
				365B964529FE50A500647950 /* AppState */,
				36BF9C3C29ED4F390011677E /* fourtytwoApp.swift */,
				360D52AC29F77ED700F67940 /* ContentView.swift */,
				362553E22A08DA7E00A2CD4A /* AppDelegate.swift */,
				362553E02A08D99F00A2CD4A /* SceneDelegate.swift */,
				3606DE2A29F263290025F0FC /* Services */,
				3606DC1829EF6BC40025F0FC /* Design */,
				36BF9C4029ED4F3B0011677E /* Assets.xcassets */,
				36BF9C6C29ED9AE50011677E /* Info.plist */,
				362553D12A039BE200A2CD4A /* GoogleService-Info.plist */,
				3606DC1929EF82A50025F0FC /* Components */,
				36A2E3D529EE69360003F906 /* Pages */,
				36BF9C4229ED4F3B0011677E /* fourtytwo.entitlements */,
				360D52AF29F79FA800F67940 /* KeychainSwiftDistrib.swift */,
				36BF9C4329ED4F3B0011677E /* Preview Content */,
			);
			path = fourtytwo;
			sourceTree = "<group>";
		};
		36BF9C4329ED4F3B0011677E /* Preview Content */ = {
			isa = PBXGroup;
			children = (
				36BF9C4429ED4F3B0011677E /* Preview Assets.xcassets */,
			);
			path = "Preview Content";
			sourceTree = "<group>";
		};
		36BF9C4D29ED4F3B0011677E /* fourtytwoTests */ = {
			isa = PBXGroup;
			children = (
				36BF9C4E29ED4F3B0011677E /* fourtytwoTests.swift */,
			);
			path = fourtytwoTests;
			sourceTree = "<group>";
		};
		36BF9C5729ED4F3B0011677E /* fourtytwoUITests */ = {
			isa = PBXGroup;
			children = (
				36BF9C5829ED4F3B0011677E /* fourtytwoUITests.swift */,
				36BF9C5A29ED4F3B0011677E /* fourtytwoUITestsLaunchTests.swift */,
			);
			path = fourtytwoUITests;
			sourceTree = "<group>";
		};
		36BF9C6D29EDA9410011677E /* Fonts */ = {
			isa = PBXGroup;
			children = (
				36BF9C6E29EDA98A0011677E /* Roboto-Medium.ttf */,
			);
			path = Fonts;
			sourceTree = "<group>";
		};
/* End PBXGroup section */

/* Begin PBXNativeTarget section */
		36BF9C3829ED4F390011677E /* fourtytwo */ = {
			isa = PBXNativeTarget;
			buildConfigurationList = 36BF9C5E29ED4F3B0011677E /* Build configuration list for PBXNativeTarget "fourtytwo" */;
			buildPhases = (
				36BF9C3529ED4F390011677E /* Sources */,
				36BF9C3629ED4F390011677E /* Frameworks */,
				36BF9C3729ED4F390011677E /* Resources */,
			);
			buildRules = (
			);
			dependencies = (
			);
			name = fourtytwo;
			packageProductDependencies = (
				36BF9C6829ED97FC0011677E /* GoogleSignIn */,
				36BF9C6A29ED97FC0011677E /* GoogleSignInSwift */,
				3606DC3729F0D10D0025F0FC /* SDWebImageSwiftUI */,
				3606DE2829F2630A0025F0FC /* Alamofire */,
				3606DF0A29F2AF730025F0FC /* SwiftUIX */,
				362553D42A039E6C00A2CD4A /* FirebaseMessaging */,
			);
			productName = fourtytwo;
			productReference = 36BF9C3929ED4F390011677E /* fourtytwo.app */;
			productType = "com.apple.product-type.application";
		};
		36BF9C4929ED4F3B0011677E /* fourtytwoTests */ = {
			isa = PBXNativeTarget;
			buildConfigurationList = 36BF9C6129ED4F3B0011677E /* Build configuration list for PBXNativeTarget "fourtytwoTests" */;
			buildPhases = (
				36BF9C4629ED4F3B0011677E /* Sources */,
				36BF9C4729ED4F3B0011677E /* Frameworks */,
				36BF9C4829ED4F3B0011677E /* Resources */,
			);
			buildRules = (
			);
			dependencies = (
				36BF9C4C29ED4F3B0011677E /* PBXTargetDependency */,
			);
			name = fourtytwoTests;
			productName = fourtytwoTests;
			productReference = 36BF9C4A29ED4F3B0011677E /* fourtytwoTests.xctest */;
			productType = "com.apple.product-type.bundle.unit-test";
		};
		36BF9C5329ED4F3B0011677E /* fourtytwoUITests */ = {
			isa = PBXNativeTarget;
			buildConfigurationList = 36BF9C6429ED4F3B0011677E /* Build configuration list for PBXNativeTarget "fourtytwoUITests" */;
			buildPhases = (
				36BF9C5029ED4F3B0011677E /* Sources */,
				36BF9C5129ED4F3B0011677E /* Frameworks */,
				36BF9C5229ED4F3B0011677E /* Resources */,
			);
			buildRules = (
			);
			dependencies = (
				36BF9C5629ED4F3B0011677E /* PBXTargetDependency */,
			);
			name = fourtytwoUITests;
			productName = fourtytwoUITests;
			productReference = 36BF9C5429ED4F3B0011677E /* fourtytwoUITests.xctest */;
			productType = "com.apple.product-type.bundle.ui-testing";
		};
/* End PBXNativeTarget section */

/* Begin PBXProject section */
		36BF9C3129ED4F390011677E /* Project object */ = {
			isa = PBXProject;
			attributes = {
				BuildIndependentTargetsInParallel = 1;
				LastSwiftUpdateCheck = 1420;
				LastUpgradeCheck = 1420;
				TargetAttributes = {
					36BF9C3829ED4F390011677E = {
						CreatedOnToolsVersion = 14.2;
					};
					36BF9C4929ED4F3B0011677E = {
						CreatedOnToolsVersion = 14.2;
						TestTargetID = 36BF9C3829ED4F390011677E;
					};
					36BF9C5329ED4F3B0011677E = {
						CreatedOnToolsVersion = 14.2;
						TestTargetID = 36BF9C3829ED4F390011677E;
					};
				};
			};
			buildConfigurationList = 36BF9C3429ED4F390011677E /* Build configuration list for PBXProject "fourtytwo" */;
			compatibilityVersion = "Xcode 14.0";
			developmentRegion = en;
			hasScannedForEncodings = 0;
			knownRegions = (
				en,
				Base,
			);
			mainGroup = 36BF9C3029ED4F390011677E;
			packageReferences = (
				36BF9C6729ED97FC0011677E /* XCRemoteSwiftPackageReference "GoogleSignIn-iOS" */,
				3606DC3629F0D10D0025F0FC /* XCRemoteSwiftPackageReference "SDWebImageSwiftUI" */,
				3606DE2729F2630A0025F0FC /* XCRemoteSwiftPackageReference "Alamofire" */,
				3606DF0929F2AF730025F0FC /* XCRemoteSwiftPackageReference "SwiftUIX" */,
				362553D32A039E6C00A2CD4A /* XCRemoteSwiftPackageReference "firebase-ios-sdk" */,
			);
			productRefGroup = 36BF9C3A29ED4F390011677E /* Products */;
			projectDirPath = "";
			projectRoot = "";
			targets = (
				36BF9C3829ED4F390011677E /* fourtytwo */,
				36BF9C4929ED4F3B0011677E /* fourtytwoTests */,
				36BF9C5329ED4F3B0011677E /* fourtytwoUITests */,
			);
		};
/* End PBXProject section */

/* Begin PBXResourcesBuildPhase section */
		36BF9C3729ED4F390011677E /* Resources */ = {
			isa = PBXResourcesBuildPhase;
			buildActionMask = 2147483647;
			files = (
				36BF9C4529ED4F3B0011677E /* Preview Assets.xcassets in Resources */,
				362553D22A039BE200A2CD4A /* GoogleService-Info.plist in Resources */,
				36BF9C4129ED4F3B0011677E /* Assets.xcassets in Resources */,
				36BF9C6F29EDA98A0011677E /* Roboto-Medium.ttf in Resources */,
			);
			runOnlyForDeploymentPostprocessing = 0;
		};
		36BF9C4829ED4F3B0011677E /* Resources */ = {
			isa = PBXResourcesBuildPhase;
			buildActionMask = 2147483647;
			files = (
				36BF9C7029EDA98A0011677E /* Roboto-Medium.ttf in Resources */,
			);
			runOnlyForDeploymentPostprocessing = 0;
		};
		36BF9C5229ED4F3B0011677E /* Resources */ = {
			isa = PBXResourcesBuildPhase;
			buildActionMask = 2147483647;
			files = (
				36BF9C7129EDA98A0011677E /* Roboto-Medium.ttf in Resources */,
			);
			runOnlyForDeploymentPostprocessing = 0;
		};
/* End PBXResourcesBuildPhase section */

/* Begin PBXSourcesBuildPhase section */
		36BF9C3529ED4F390011677E /* Sources */ = {
			isa = PBXSourcesBuildPhase;
			buildActionMask = 2147483647;
			files = (
				360D52DE29FC38D900F67940 /* DragToDeleteView.swift in Sources */,
				362553DD2A051F1800A2CD4A /* PlaceTimelineView.swift in Sources */,
				3606DE2C29F263A80025F0FC /* APIManager.swift in Sources */,
				3606DC1B29EF83F90025F0FC /* CustomButton.swift in Sources */,
				360D52B929F8D14400F67940 /* NavBar.swift in Sources */,
				362552EB2A0234C700A2CD4A /* PersonMessageCard.swift in Sources */,
				360D52D029FA078D00F67940 /* AccountService.swift in Sources */,
				360D52DC29FC1FF400F67940 /* EmojiSwapView.swift in Sources */,
				362553C82A02B10500A2CD4A /* PlacePersonView.swift in Sources */,
				3606DC0F29EEB6990025F0FC /* AppleSigninButton.swift in Sources */,
				36680D2D29F67695001EFD52 /* MyMassageHistory.swift in Sources */,
				365B964729FE50E600647950 /* ViewState.swift in Sources */,
				3606DC0C29EE87CC0025F0FC /* ThirdSectionView.swift in Sources */,
				360D52B029F79FA800F67940 /* KeychainSwiftDistrib.swift in Sources */,
				362553E92A0A956A00A2CD4A /* NotificationService.swift in Sources */,
				360D52CA29F941FF00F67940 /* NavLink.swift in Sources */,
				362553D72A03D73D00A2CD4A /* RefreshableModifier.swift in Sources */,
				360D52D229FA153B00F67940 /* FeedService.swift in Sources */,
				362553D92A043F3300A2CD4A /* WrappedMap.swift in Sources */,
				365B964429FDA47E00647950 /* PlaceView.swift in Sources */,
				36680D2F29F6C9D1001EFD52 /* HomeView.swift in Sources */,
				3606DC0829EE87910025F0FC /* FirstSectionView.swift in Sources */,
				360D52CC29F944EE00F67940 /* PolicyWebView.swift in Sources */,
				3606DC1329EECD650025F0FC /* Color.swift in Sources */,
				362553ED2A0BA17600A2CD4A /* ActivityIndicator.swift in Sources */,
				3606DE2E29F263C50025F0FC /* UserService.swift in Sources */,
				360D52BC29F8D1D900F67940 /* SystemView.swift in Sources */,
				36680D2B29F64B78001EFD52 /* MessageCard.swift in Sources */,
				360D52CE29F95C6B00F67940 /* OverView.swift in Sources */,
				360D52AD29F77ED700F67940 /* ContentView.swift in Sources */,
				360D52C029F8D2DB00F67940 /* AlertView.swift in Sources */,
				362553CC2A0369B300A2CD4A /* BlockView.swift in Sources */,
				360D52B529F81C1600F67940 /* LocationSender.swift in Sources */,
				36BF9C7329EE41B80011677E /* SignupView.swift in Sources */,
				3606DC0A29EE87AB0025F0FC /* SecondSectionView.swift in Sources */,
				36DA62F529F60BF6001191DB /* MyMassageCard.swift in Sources */,
				362552E82A02269D00A2CD4A /* PersonView.swift in Sources */,
				362553D02A0395EF00A2CD4A /* TopAlignedTextEditor.swift in Sources */,
				3606DC1129EEB6D30025F0FC /* GoogleSigninButton.swift in Sources */,
				36DA630029F638B6001191DB /* ReactionButton.swift in Sources */,
				360D52D429FA4A0D00F67940 /* CustomBottomSheet.swift in Sources */,
				360D52AB29F76CD200F67940 /* AuthState.swift in Sources */,
				3606DE2629F12F300025F0FC /* GifUIkit.swift in Sources */,
				362553E12A08D99F00A2CD4A /* SceneDelegate.swift in Sources */,
				36A2E3D229EE69180003F906 /* SplashView.swift in Sources */,
				360D52B729F81C9B00F67940 /* LocationService.swift in Sources */,
				36680D3329F6CB96001EFD52 /* TimelineView.swift in Sources */,
				3606DC1729EF68640025F0FC /* Font.swift in Sources */,
				362553CE2A0389A600A2CD4A /* ReportView.swift in Sources */,
				36BF9C3F29ED4F390011677E /* LoginView.swift in Sources */,
				362553CA2A02B6CE00A2CD4A /* CommonService.swift in Sources */,
				360D52C729F939B400F67940 /* AlertCard.swift in Sources */,
				362553DB2A05026600A2CD4A /* LocationCard.swift in Sources */,
				360D52B329F81BA800F67940 /* LocationManager.swift in Sources */,
				362553E72A0A63E300A2CD4A /* MapView.swift in Sources */,
				36BF9C3D29ED4F390011677E /* fourtytwoApp.swift in Sources */,
				3606DC1529EED8640025F0FC /* SegmentedProgressBar.swift in Sources */,
				362553DF2A08AD9E00A2CD4A /* WebSocketManager.swift in Sources */,
				360D52C329F916C700F67940 /* MyMindView.swift in Sources */,
				3606DC4029F0F1C80025F0FC /* GifImage.swift in Sources */,
				362553E32A08DA7E00A2CD4A /* AppDelegate.swift in Sources */,
				365B964B29FFCCAB00647950 /* PlaceMapView.swift in Sources */,
			);
			runOnlyForDeploymentPostprocessing = 0;
		};
		36BF9C4629ED4F3B0011677E /* Sources */ = {
			isa = PBXSourcesBuildPhase;
			buildActionMask = 2147483647;
			files = (
				36BF9C7429EE41B80011677E /* SignupView.swift in Sources */,
				36BF9C4F29ED4F3B0011677E /* fourtytwoTests.swift in Sources */,
				36A2E3D329EE69180003F906 /* SplashView.swift in Sources */,
			);
			runOnlyForDeploymentPostprocessing = 0;
		};
		36BF9C5029ED4F3B0011677E /* Sources */ = {
			isa = PBXSourcesBuildPhase;
			buildActionMask = 2147483647;
			files = (
				36BF9C7529EE41B80011677E /* SignupView.swift in Sources */,
				36A2E3D429EE69180003F906 /* SplashView.swift in Sources */,
				36BF9C5B29ED4F3B0011677E /* fourtytwoUITestsLaunchTests.swift in Sources */,
				36BF9C5929ED4F3B0011677E /* fourtytwoUITests.swift in Sources */,
			);
			runOnlyForDeploymentPostprocessing = 0;
		};
/* End PBXSourcesBuildPhase section */

/* Begin PBXTargetDependency section */
		36BF9C4C29ED4F3B0011677E /* PBXTargetDependency */ = {
			isa = PBXTargetDependency;
			target = 36BF9C3829ED4F390011677E /* fourtytwo */;
			targetProxy = 36BF9C4B29ED4F3B0011677E /* PBXContainerItemProxy */;
		};
		36BF9C5629ED4F3B0011677E /* PBXTargetDependency */ = {
			isa = PBXTargetDependency;
			target = 36BF9C3829ED4F390011677E /* fourtytwo */;
			targetProxy = 36BF9C5529ED4F3B0011677E /* PBXContainerItemProxy */;
		};
/* End PBXTargetDependency section */

/* Begin XCBuildConfiguration section */
		36BF9C5C29ED4F3B0011677E /* Debug */ = {
			isa = XCBuildConfiguration;
			buildSettings = {
				ALWAYS_SEARCH_USER_PATHS = NO;
				CLANG_ANALYZER_NONNULL = YES;
				CLANG_ANALYZER_NUMBER_OBJECT_CONVERSION = YES_AGGRESSIVE;
				CLANG_CXX_LANGUAGE_STANDARD = "gnu++20";
				CLANG_ENABLE_MODULES = YES;
				CLANG_ENABLE_OBJC_ARC = YES;
				CLANG_ENABLE_OBJC_WEAK = YES;
				CLANG_WARN_BLOCK_CAPTURE_AUTORELEASING = YES;
				CLANG_WARN_BOOL_CONVERSION = YES;
				CLANG_WARN_COMMA = YES;
				CLANG_WARN_CONSTANT_CONVERSION = YES;
				CLANG_WARN_DEPRECATED_OBJC_IMPLEMENTATIONS = YES;
				CLANG_WARN_DIRECT_OBJC_ISA_USAGE = YES_ERROR;
				CLANG_WARN_DOCUMENTATION_COMMENTS = YES;
				CLANG_WARN_EMPTY_BODY = YES;
				CLANG_WARN_ENUM_CONVERSION = YES;
				CLANG_WARN_INFINITE_RECURSION = YES;
				CLANG_WARN_INT_CONVERSION = YES;
				CLANG_WARN_NON_LITERAL_NULL_CONVERSION = YES;
				CLANG_WARN_OBJC_IMPLICIT_RETAIN_SELF = YES;
				CLANG_WARN_OBJC_LITERAL_CONVERSION = YES;
				CLANG_WARN_OBJC_ROOT_CLASS = YES_ERROR;
				CLANG_WARN_QUOTED_INCLUDE_IN_FRAMEWORK_HEADER = YES;
				CLANG_WARN_RANGE_LOOP_ANALYSIS = YES;
				CLANG_WARN_STRICT_PROTOTYPES = YES;
				CLANG_WARN_SUSPICIOUS_MOVE = YES;
				CLANG_WARN_UNGUARDED_AVAILABILITY = YES_AGGRESSIVE;
				CLANG_WARN_UNREACHABLE_CODE = YES;
				CLANG_WARN__DUPLICATE_METHOD_MATCH = YES;
				COPY_PHASE_STRIP = NO;
				DEBUG_INFORMATION_FORMAT = dwarf;
				ENABLE_STRICT_OBJC_MSGSEND = YES;
				ENABLE_TESTABILITY = YES;
				GCC_C_LANGUAGE_STANDARD = gnu11;
				GCC_DYNAMIC_NO_PIC = NO;
				GCC_NO_COMMON_BLOCKS = YES;
				GCC_OPTIMIZATION_LEVEL = 0;
				GCC_PREPROCESSOR_DEFINITIONS = (
					"DEBUG=1",
					"$(inherited)",
				);
				GCC_WARN_64_TO_32_BIT_CONVERSION = YES;
				GCC_WARN_ABOUT_RETURN_TYPE = YES_ERROR;
				GCC_WARN_UNDECLARED_SELECTOR = YES;
				GCC_WARN_UNINITIALIZED_AUTOS = YES_AGGRESSIVE;
				GCC_WARN_UNUSED_FUNCTION = YES;
				GCC_WARN_UNUSED_VARIABLE = YES;
				MTL_ENABLE_DEBUG_INFO = INCLUDE_SOURCE;
				MTL_FAST_MATH = YES;
				ONLY_ACTIVE_ARCH = YES;
				SWIFT_ACTIVE_COMPILATION_CONDITIONS = DEBUG;
				SWIFT_OPTIMIZATION_LEVEL = "-Onone";
			};
			name = Debug;
		};
		36BF9C5D29ED4F3B0011677E /* Release */ = {
			isa = XCBuildConfiguration;
			buildSettings = {
				ALWAYS_SEARCH_USER_PATHS = NO;
				CLANG_ANALYZER_NONNULL = YES;
				CLANG_ANALYZER_NUMBER_OBJECT_CONVERSION = YES_AGGRESSIVE;
				CLANG_CXX_LANGUAGE_STANDARD = "gnu++20";
				CLANG_ENABLE_MODULES = YES;
				CLANG_ENABLE_OBJC_ARC = YES;
				CLANG_ENABLE_OBJC_WEAK = YES;
				CLANG_WARN_BLOCK_CAPTURE_AUTORELEASING = YES;
				CLANG_WARN_BOOL_CONVERSION = YES;
				CLANG_WARN_COMMA = YES;
				CLANG_WARN_CONSTANT_CONVERSION = YES;
				CLANG_WARN_DEPRECATED_OBJC_IMPLEMENTATIONS = YES;
				CLANG_WARN_DIRECT_OBJC_ISA_USAGE = YES_ERROR;
				CLANG_WARN_DOCUMENTATION_COMMENTS = YES;
				CLANG_WARN_EMPTY_BODY = YES;
				CLANG_WARN_ENUM_CONVERSION = YES;
				CLANG_WARN_INFINITE_RECURSION = YES;
				CLANG_WARN_INT_CONVERSION = YES;
				CLANG_WARN_NON_LITERAL_NULL_CONVERSION = YES;
				CLANG_WARN_OBJC_IMPLICIT_RETAIN_SELF = YES;
				CLANG_WARN_OBJC_LITERAL_CONVERSION = YES;
				CLANG_WARN_OBJC_ROOT_CLASS = YES_ERROR;
				CLANG_WARN_QUOTED_INCLUDE_IN_FRAMEWORK_HEADER = YES;
				CLANG_WARN_RANGE_LOOP_ANALYSIS = YES;
				CLANG_WARN_STRICT_PROTOTYPES = YES;
				CLANG_WARN_SUSPICIOUS_MOVE = YES;
				CLANG_WARN_UNGUARDED_AVAILABILITY = YES_AGGRESSIVE;
				CLANG_WARN_UNREACHABLE_CODE = YES;
				CLANG_WARN__DUPLICATE_METHOD_MATCH = YES;
				COPY_PHASE_STRIP = NO;
				DEBUG_INFORMATION_FORMAT = "dwarf-with-dsym";
				ENABLE_NS_ASSERTIONS = NO;
				ENABLE_STRICT_OBJC_MSGSEND = YES;
				GCC_C_LANGUAGE_STANDARD = gnu11;
				GCC_NO_COMMON_BLOCKS = YES;
				GCC_WARN_64_TO_32_BIT_CONVERSION = YES;
				GCC_WARN_ABOUT_RETURN_TYPE = YES_ERROR;
				GCC_WARN_UNDECLARED_SELECTOR = YES;
				GCC_WARN_UNINITIALIZED_AUTOS = YES_AGGRESSIVE;
				GCC_WARN_UNUSED_FUNCTION = YES;
				GCC_WARN_UNUSED_VARIABLE = YES;
				MTL_ENABLE_DEBUG_INFO = NO;
				MTL_FAST_MATH = YES;
				SWIFT_COMPILATION_MODE = wholemodule;
				SWIFT_OPTIMIZATION_LEVEL = "-O";
			};
			name = Release;
		};
		36BF9C5F29ED4F3B0011677E /* Debug */ = {
			isa = XCBuildConfiguration;
			buildSettings = {
				ASSETCATALOG_COMPILER_APPICON_NAME = AppIcon;
				ASSETCATALOG_COMPILER_GLOBAL_ACCENT_COLOR_NAME = AccentColor;
				CODE_SIGN_ENTITLEMENTS = fourtytwo/fourtytwo.entitlements;
				CODE_SIGN_IDENTITY = "Apple Development";
				CODE_SIGN_STYLE = Automatic;
				CURRENT_PROJECT_VERSION = 2;
				DEVELOPMENT_ASSET_PATHS = "\"fourtytwo/Preview Content\"";
				DEVELOPMENT_TEAM = U8PNX9PT5S;
				ENABLE_HARDENED_RUNTIME = YES;
				ENABLE_PREVIEWS = YES;
				GENERATE_INFOPLIST_FILE = YES;
				INFOPLIST_FILE = fourtytwo/Info.plist;
				INFOPLIST_KEY_CFBundleDisplayName = "사이";
				INFOPLIST_KEY_LSApplicationCategoryType = "public.app-category.social-networking";
				INFOPLIST_KEY_NSLocationAlwaysAndWhenInUseUsageDescription = "사용자의 현재 위치가 백그라운드에서도 다른 사람과의 스침을 기록하는데 사용됩니다.";
				INFOPLIST_KEY_NSLocationAlwaysUsageDescription = "사용자의 현재 위치가 다른 사람과의 스침을 기록하는데 사용됩니다.";
				INFOPLIST_KEY_NSLocationWhenInUseUsageDescription = "사용자의 현재 위치가 다른 사람과의 스침을 기록하는데 사용됩니다.";
				"INFOPLIST_KEY_UIApplicationSceneManifest_Generation[sdk=iphoneos*]" = YES;
				"INFOPLIST_KEY_UIApplicationSceneManifest_Generation[sdk=iphonesimulator*]" = YES;
				"INFOPLIST_KEY_UIApplicationSupportsIndirectInputEvents[sdk=iphoneos*]" = YES;
				"INFOPLIST_KEY_UIApplicationSupportsIndirectInputEvents[sdk=iphonesimulator*]" = YES;
				"INFOPLIST_KEY_UILaunchScreen_Generation[sdk=iphoneos*]" = YES;
				"INFOPLIST_KEY_UILaunchScreen_Generation[sdk=iphonesimulator*]" = YES;
				INFOPLIST_KEY_UIStatusBarStyle = "";
				"INFOPLIST_KEY_UIStatusBarStyle[sdk=iphoneos*]" = UIStatusBarStyleDefault;
				"INFOPLIST_KEY_UIStatusBarStyle[sdk=iphonesimulator*]" = UIStatusBarStyleDefault;
				INFOPLIST_KEY_UISupportedInterfaceOrientations = UIInterfaceOrientationPortrait;
				IPHONEOS_DEPLOYMENT_TARGET = 14.0;
				LD_RUNPATH_SEARCH_PATHS = "@executable_path/Frameworks";
				"LD_RUNPATH_SEARCH_PATHS[sdk=macosx*]" = "@executable_path/../Frameworks";
				MACOSX_DEPLOYMENT_TARGET = 13.1;
				MARKETING_VERSION = 1.4;
				PRODUCT_BUNDLE_IDENTIFIER = com.cider.fourtytwo;
				PRODUCT_NAME = "$(TARGET_NAME)";
				PROVISIONING_PROFILE_SPECIFIER = "";
				SDKROOT = auto;
				SUPPORTED_PLATFORMS = "iphoneos iphonesimulator";
				SUPPORTS_MACCATALYST = NO;
				SUPPORTS_MAC_DESIGNED_FOR_IPHONE_IPAD = NO;
				SWIFT_EMIT_LOC_STRINGS = YES;
				SWIFT_VERSION = 5.0;
				TARGETED_DEVICE_FAMILY = 1;
			};
			name = Debug;
		};
		36BF9C6029ED4F3B0011677E /* Release */ = {
			isa = XCBuildConfiguration;
			buildSettings = {
				ASSETCATALOG_COMPILER_APPICON_NAME = AppIcon;
				ASSETCATALOG_COMPILER_GLOBAL_ACCENT_COLOR_NAME = AccentColor;
				CODE_SIGN_ENTITLEMENTS = fourtytwo/fourtytwo.entitlements;
				CODE_SIGN_IDENTITY = "Apple Development";
				CODE_SIGN_STYLE = Automatic;
				CURRENT_PROJECT_VERSION = 2;
				DEVELOPMENT_ASSET_PATHS = "\"fourtytwo/Preview Content\"";
				DEVELOPMENT_TEAM = U8PNX9PT5S;
				ENABLE_HARDENED_RUNTIME = YES;
				ENABLE_PREVIEWS = YES;
				GENERATE_INFOPLIST_FILE = YES;
				INFOPLIST_FILE = fourtytwo/Info.plist;
				INFOPLIST_KEY_CFBundleDisplayName = "사이";
				INFOPLIST_KEY_LSApplicationCategoryType = "public.app-category.social-networking";
				INFOPLIST_KEY_NSLocationAlwaysAndWhenInUseUsageDescription = "사용자의 현재 위치가 백그라운드에서도 다른 사람과의 스침을 기록하는데 사용됩니다.";
				INFOPLIST_KEY_NSLocationAlwaysUsageDescription = "사용자의 현재 위치가 다른 사람과의 스침을 기록하는데 사용됩니다.";
				INFOPLIST_KEY_NSLocationWhenInUseUsageDescription = "사용자의 현재 위치가 다른 사람과의 스침을 기록하는데 사용됩니다.";
				"INFOPLIST_KEY_UIApplicationSceneManifest_Generation[sdk=iphoneos*]" = YES;
				"INFOPLIST_KEY_UIApplicationSceneManifest_Generation[sdk=iphonesimulator*]" = YES;
				"INFOPLIST_KEY_UIApplicationSupportsIndirectInputEvents[sdk=iphoneos*]" = YES;
				"INFOPLIST_KEY_UIApplicationSupportsIndirectInputEvents[sdk=iphonesimulator*]" = YES;
				"INFOPLIST_KEY_UILaunchScreen_Generation[sdk=iphoneos*]" = YES;
				"INFOPLIST_KEY_UILaunchScreen_Generation[sdk=iphonesimulator*]" = YES;
				INFOPLIST_KEY_UIStatusBarStyle = "";
				"INFOPLIST_KEY_UIStatusBarStyle[sdk=iphoneos*]" = UIStatusBarStyleDefault;
				"INFOPLIST_KEY_UIStatusBarStyle[sdk=iphonesimulator*]" = UIStatusBarStyleDefault;
				INFOPLIST_KEY_UISupportedInterfaceOrientations = UIInterfaceOrientationPortrait;
				IPHONEOS_DEPLOYMENT_TARGET = 14.0;
				LD_RUNPATH_SEARCH_PATHS = "@executable_path/Frameworks";
				"LD_RUNPATH_SEARCH_PATHS[sdk=macosx*]" = "@executable_path/../Frameworks";
				MACOSX_DEPLOYMENT_TARGET = 13.1;
				MARKETING_VERSION = 1.4;
				PRODUCT_BUNDLE_IDENTIFIER = com.cider.fourtytwo;
				PRODUCT_NAME = "$(TARGET_NAME)";
				PROVISIONING_PROFILE_SPECIFIER = "";
				SDKROOT = auto;
				SUPPORTED_PLATFORMS = "iphoneos iphonesimulator";
				SUPPORTS_MACCATALYST = NO;
				SUPPORTS_MAC_DESIGNED_FOR_IPHONE_IPAD = NO;
				SWIFT_EMIT_LOC_STRINGS = YES;
				SWIFT_VERSION = 5.0;
				TARGETED_DEVICE_FAMILY = 1;
			};
			name = Release;
		};
		36BF9C6229ED4F3B0011677E /* Debug */ = {
			isa = XCBuildConfiguration;
			buildSettings = {
				ALWAYS_EMBED_SWIFT_STANDARD_LIBRARIES = YES;
				BUNDLE_LOADER = "$(TEST_HOST)";
				CODE_SIGN_STYLE = Automatic;
				CURRENT_PROJECT_VERSION = 1;
				DEVELOPMENT_TEAM = U8PNX9PT5S;
				GENERATE_INFOPLIST_FILE = YES;
				IPHONEOS_DEPLOYMENT_TARGET = 16.2;
				MACOSX_DEPLOYMENT_TARGET = 13.1;
				MARKETING_VERSION = 1.0;
				PRODUCT_BUNDLE_IDENTIFIER = com.cider.fourtytwoTests;
				PRODUCT_NAME = "$(TARGET_NAME)";
				SDKROOT = auto;
				SUPPORTED_PLATFORMS = "iphoneos iphonesimulator macosx";
				SWIFT_EMIT_LOC_STRINGS = NO;
				SWIFT_VERSION = 5.0;
				TARGETED_DEVICE_FAMILY = "1,2";
				TEST_HOST = "$(BUILT_PRODUCTS_DIR)/fourtytwo.app/$(BUNDLE_EXECUTABLE_FOLDER_PATH)/fourtytwo";
			};
			name = Debug;
		};
		36BF9C6329ED4F3B0011677E /* Release */ = {
			isa = XCBuildConfiguration;
			buildSettings = {
				ALWAYS_EMBED_SWIFT_STANDARD_LIBRARIES = YES;
				BUNDLE_LOADER = "$(TEST_HOST)";
				CODE_SIGN_STYLE = Automatic;
				CURRENT_PROJECT_VERSION = 1;
				DEVELOPMENT_TEAM = U8PNX9PT5S;
				GENERATE_INFOPLIST_FILE = YES;
				IPHONEOS_DEPLOYMENT_TARGET = 16.2;
				MACOSX_DEPLOYMENT_TARGET = 13.1;
				MARKETING_VERSION = 1.0;
				PRODUCT_BUNDLE_IDENTIFIER = com.cider.fourtytwoTests;
				PRODUCT_NAME = "$(TARGET_NAME)";
				SDKROOT = auto;
				SUPPORTED_PLATFORMS = "iphoneos iphonesimulator macosx";
				SWIFT_EMIT_LOC_STRINGS = NO;
				SWIFT_VERSION = 5.0;
				TARGETED_DEVICE_FAMILY = "1,2";
				TEST_HOST = "$(BUILT_PRODUCTS_DIR)/fourtytwo.app/$(BUNDLE_EXECUTABLE_FOLDER_PATH)/fourtytwo";
			};
			name = Release;
		};
		36BF9C6529ED4F3B0011677E /* Debug */ = {
			isa = XCBuildConfiguration;
			buildSettings = {
				ALWAYS_EMBED_SWIFT_STANDARD_LIBRARIES = YES;
				CODE_SIGN_STYLE = Automatic;
				CURRENT_PROJECT_VERSION = 1;
				DEVELOPMENT_TEAM = U8PNX9PT5S;
				GENERATE_INFOPLIST_FILE = YES;
				IPHONEOS_DEPLOYMENT_TARGET = 16.2;
				MACOSX_DEPLOYMENT_TARGET = 13.1;
				MARKETING_VERSION = 1.0;
				PRODUCT_BUNDLE_IDENTIFIER = com.cider.fourtytwoUITests;
				PRODUCT_NAME = "$(TARGET_NAME)";
				SDKROOT = auto;
				SUPPORTED_PLATFORMS = "iphoneos iphonesimulator macosx";
				SWIFT_EMIT_LOC_STRINGS = NO;
				SWIFT_VERSION = 5.0;
				TARGETED_DEVICE_FAMILY = "1,2";
				TEST_TARGET_NAME = fourtytwo;
			};
			name = Debug;
		};
		36BF9C6629ED4F3B0011677E /* Release */ = {
			isa = XCBuildConfiguration;
			buildSettings = {
				ALWAYS_EMBED_SWIFT_STANDARD_LIBRARIES = YES;
				CODE_SIGN_STYLE = Automatic;
				CURRENT_PROJECT_VERSION = 1;
				DEVELOPMENT_TEAM = U8PNX9PT5S;
				GENERATE_INFOPLIST_FILE = YES;
				IPHONEOS_DEPLOYMENT_TARGET = 16.2;
				MACOSX_DEPLOYMENT_TARGET = 13.1;
				MARKETING_VERSION = 1.0;
				PRODUCT_BUNDLE_IDENTIFIER = com.cider.fourtytwoUITests;
				PRODUCT_NAME = "$(TARGET_NAME)";
				SDKROOT = auto;
				SUPPORTED_PLATFORMS = "iphoneos iphonesimulator macosx";
				SWIFT_EMIT_LOC_STRINGS = NO;
				SWIFT_VERSION = 5.0;
				TARGETED_DEVICE_FAMILY = "1,2";
				TEST_TARGET_NAME = fourtytwo;
			};
			name = Release;
		};
/* End XCBuildConfiguration section */

/* Begin XCConfigurationList section */
		36BF9C3429ED4F390011677E /* Build configuration list for PBXProject "fourtytwo" */ = {
			isa = XCConfigurationList;
			buildConfigurations = (
				36BF9C5C29ED4F3B0011677E /* Debug */,
				36BF9C5D29ED4F3B0011677E /* Release */,
			);
			defaultConfigurationIsVisible = 0;
			defaultConfigurationName = Release;
		};
		36BF9C5E29ED4F3B0011677E /* Build configuration list for PBXNativeTarget "fourtytwo" */ = {
			isa = XCConfigurationList;
			buildConfigurations = (
				36BF9C5F29ED4F3B0011677E /* Debug */,
				36BF9C6029ED4F3B0011677E /* Release */,
			);
			defaultConfigurationIsVisible = 0;
			defaultConfigurationName = Release;
		};
		36BF9C6129ED4F3B0011677E /* Build configuration list for PBXNativeTarget "fourtytwoTests" */ = {
			isa = XCConfigurationList;
			buildConfigurations = (
				36BF9C6229ED4F3B0011677E /* Debug */,
				36BF9C6329ED4F3B0011677E /* Release */,
			);
			defaultConfigurationIsVisible = 0;
			defaultConfigurationName = Release;
		};
		36BF9C6429ED4F3B0011677E /* Build configuration list for PBXNativeTarget "fourtytwoUITests" */ = {
			isa = XCConfigurationList;
			buildConfigurations = (
				36BF9C6529ED4F3B0011677E /* Debug */,
				36BF9C6629ED4F3B0011677E /* Release */,
			);
			defaultConfigurationIsVisible = 0;
			defaultConfigurationName = Release;
		};
/* End XCConfigurationList section */

/* Begin XCRemoteSwiftPackageReference section */
		3606DC3629F0D10D0025F0FC /* XCRemoteSwiftPackageReference "SDWebImageSwiftUI" */ = {
			isa = XCRemoteSwiftPackageReference;
			repositoryURL = "https://github.com/SDWebImage/SDWebImageSwiftUI.git";
			requirement = {
				branch = master;
				kind = branch;
			};
		};
		3606DE2729F2630A0025F0FC /* XCRemoteSwiftPackageReference "Alamofire" */ = {
			isa = XCRemoteSwiftPackageReference;
			repositoryURL = "https://github.com/Alamofire/Alamofire";
			requirement = {
				kind = upToNextMajorVersion;
				minimumVersion = 5.0.0;
			};
		};
		3606DF0929F2AF730025F0FC /* XCRemoteSwiftPackageReference "SwiftUIX" */ = {
			isa = XCRemoteSwiftPackageReference;
			repositoryURL = "https://github.com/SwiftUIX/SwiftUIX";
			requirement = {
				branch = master;
				kind = branch;
			};
		};
		362553D32A039E6C00A2CD4A /* XCRemoteSwiftPackageReference "firebase-ios-sdk" */ = {
			isa = XCRemoteSwiftPackageReference;
			repositoryURL = "https://github.com/firebase/firebase-ios-sdk";
			requirement = {
				kind = upToNextMajorVersion;
				minimumVersion = 9.0.0;
			};
		};
		36BF9C6729ED97FC0011677E /* XCRemoteSwiftPackageReference "GoogleSignIn-iOS" */ = {
			isa = XCRemoteSwiftPackageReference;
			repositoryURL = "https://github.com/google/GoogleSignIn-iOS";
			requirement = {
				kind = upToNextMajorVersion;
				minimumVersion = 7.0.0;
			};
		};
/* End XCRemoteSwiftPackageReference section */

/* Begin XCSwiftPackageProductDependency section */
		3606DC3729F0D10D0025F0FC /* SDWebImageSwiftUI */ = {
			isa = XCSwiftPackageProductDependency;
			package = 3606DC3629F0D10D0025F0FC /* XCRemoteSwiftPackageReference "SDWebImageSwiftUI" */;
			productName = SDWebImageSwiftUI;
		};
		3606DE2829F2630A0025F0FC /* Alamofire */ = {
			isa = XCSwiftPackageProductDependency;
			package = 3606DE2729F2630A0025F0FC /* XCRemoteSwiftPackageReference "Alamofire" */;
			productName = Alamofire;
		};
		3606DF0A29F2AF730025F0FC /* SwiftUIX */ = {
			isa = XCSwiftPackageProductDependency;
			package = 3606DF0929F2AF730025F0FC /* XCRemoteSwiftPackageReference "SwiftUIX" */;
			productName = SwiftUIX;
		};
		362553D42A039E6C00A2CD4A /* FirebaseMessaging */ = {
			isa = XCSwiftPackageProductDependency;
			package = 362553D32A039E6C00A2CD4A /* XCRemoteSwiftPackageReference "firebase-ios-sdk" */;
			productName = FirebaseMessaging;
		};
		36BF9C6829ED97FC0011677E /* GoogleSignIn */ = {
			isa = XCSwiftPackageProductDependency;
			package = 36BF9C6729ED97FC0011677E /* XCRemoteSwiftPackageReference "GoogleSignIn-iOS" */;
			productName = GoogleSignIn;
		};
		36BF9C6A29ED97FC0011677E /* GoogleSignInSwift */ = {
			isa = XCSwiftPackageProductDependency;
			package = 36BF9C6729ED97FC0011677E /* XCRemoteSwiftPackageReference "GoogleSignIn-iOS" */;
			productName = GoogleSignInSwift;
		};
/* End XCSwiftPackageProductDependency section */
	};
	rootObject = 36BF9C3129ED4F390011677E /* Project object */;
}
